
Microsoft Visual Studio Solution File, Format Version 12.00
Project("{FAE04EC0-301F-11D3-BF4B-00C04F79EFBC}") = "LockstepSDK", "src\LockstepSDK.csproj", "{36D255C6-3964-4AF2-82F1-08143CD565C8}"
EndProject
Project("{FAE04EC0-301F-11D3-BF4B-00C04F79EFBC}") = "LockstepSDK.Net45", "src\LockstepSDK.Net45.csproj", "{8D1DB970-E70F-4252-B30E-4E5ED3CA47FF}"
EndProject
Project("{2150E333-8FDC-42A3-9474-1A3956D46DE8}") = "Extra Files", "Extra Files", "{0EDEB75E-3625-4B55-93C6-0161DC3B7EEA}"
	ProjectSection(SolutionItems) = preProject
		LICENSE = LICENSE
		README.md = README.md
		images\lockstep_logo.png = images\lockstep_logo.png
		lockstep-sdk.nuspec = lockstep-sdk.nuspec
	EndProjectSection
EndProject
Global
	GlobalSection(SolutionConfigurationPlatforms) = preSolution
		Debug|Any CPU = Debug|Any CPU
		Release|Any CPU = Release|Any CPU
	EndGlobalSection
	GlobalSection(ProjectConfigurationPlatforms) = postSolution
		{36D255C6-3964-4AF2-82F1-08143CD565C8}.Debug|Any CPU.ActiveCfg = Debug|Any CPU
		{36D255C6-3964-4AF2-82F1-08143CD565C8}.Debug|Any CPU.Build.0 = Debug|Any CPU
		{36D255C6-3964-4AF2-82F1-08143CD565C8}.Release|Any CPU.ActiveCfg = Release|Any CPU
		{36D255C6-3964-4AF2-82F1-08143CD565C8}.Release|Any CPU.Build.0 = Release|Any CPU
		{8D1DB970-E70F-4252-B30E-4E5ED3CA47FF}.Debug|Any CPU.ActiveCfg = Debug|Any CPU
		{8D1DB970-E70F-4252-B30E-4E5ED3CA47FF}.Debug|Any CPU.Build.0 = Debug|Any CPU
		{8D1DB970-E70F-4252-B30E-4E5ED3CA47FF}.Release|Any CPU.ActiveCfg = Release|Any CPU
		{8D1DB970-E70F-4252-B30E-4E5ED3CA47FF}.Release|Any CPU.Build.0 = Release|Any CPU
	EndGlobalSection
EndGlobal
